// !$*UTF8*$!
{
	archiveVersion = 1;
	classes = {
	};
	objectVersion = 56;
	objects = {

/* Begin PBXBuildFile section */
		AB0D880F2B9F303900B4C62F /* OFFPricesDeleteSessionView.swift in Sources */ = {isa = PBXBuildFile; fileRef = AB0D880E2B9F303900B4C62F /* OFFPricesDeleteSessionView.swift */; };
		AB1B0C282B920C5500D9195C /* OFFPricesPricesEndpoint.swift in Sources */ = {isa = PBXBuildFile; fileRef = AB1B0C272B920C5500D9195C /* OFFPricesPricesEndpoint.swift */; };
		AB1B0C2A2B922BA400D9195C /* OFFPricesRequiredProof.swift in Sources */ = {isa = PBXBuildFile; fileRef = AB1B0C292B922BA400D9195C /* OFFPricesRequiredProof.swift */; };
		AB1B0C2C2B922BF500D9195C /* OFFPricesRequiredLocation.swift in Sources */ = {isa = PBXBuildFile; fileRef = AB1B0C2B2B922BF500D9195C /* OFFPricesRequiredLocation.swift */; };
		AB1B0C2E2B922C3C00D9195C /* OFFPricesRequiredProduct.swift in Sources */ = {isa = PBXBuildFile; fileRef = AB1B0C2D2B922C3C00D9195C /* OFFPricesRequiredProduct.swift */; };
		AB1B0C302B92384200D9195C /* OFFPricesPricesView.swift in Sources */ = {isa = PBXBuildFile; fileRef = AB1B0C2F2B92384200D9195C /* OFFPricesPricesView.swift */; };
		AB1B0C322B9238A700D9195C /* OFFPricesPricesListView.swift in Sources */ = {isa = PBXBuildFile; fileRef = AB1B0C312B9238A700D9195C /* OFFPricesPricesListView.swift */; };
		AB321E3B2B9B254B0076ED67 /* AuthController.swift in Sources */ = {isa = PBXBuildFile; fileRef = AB321E3A2B9B254B0076ED67 /* AuthController.swift */; };
		AB321E3D2B9B25860076ED67 /* OFFPricesAuthEndpoint.swift in Sources */ = {isa = PBXBuildFile; fileRef = AB321E3C2B9B25860076ED67 /* OFFPricesAuthEndpoint.swift */; };
		AB321E402B9B287B0076ED67 /* OFFPricesAuthenticationView.swift in Sources */ = {isa = PBXBuildFile; fileRef = AB321E3F2B9B287B0076ED67 /* OFFPricesAuthenticationView.swift */; };
		AB321E422B9B362B0076ED67 /* OFFPricesSessionEndpoint.swift in Sources */ = {isa = PBXBuildFile; fileRef = AB321E412B9B362B0076ED67 /* OFFPricesSessionEndpoint.swift */; };
		AB321E442B9B38EF0076ED67 /* OFFPricesAuthView.swift in Sources */ = {isa = PBXBuildFile; fileRef = AB321E432B9B38EF0076ED67 /* OFFPricesAuthView.swift */; };
		AB321E472B9B3A640076ED67 /* OFFPricesSessionView.swift in Sources */ = {isa = PBXBuildFile; fileRef = AB321E462B9B3A640076ED67 /* OFFPricesSessionView.swift */; };
		AB321E492B9B51050076ED67 /* OFFPricesPatchPriceView.swift in Sources */ = {isa = PBXBuildFile; fileRef = AB321E482B9B51050076ED67 /* OFFPricesPatchPriceView.swift */; };
		AB321E4B2B9C9A480076ED67 /* OFFPricesPostPriceView.swift in Sources */ = {isa = PBXBuildFile; fileRef = AB321E4A2B9C9A480076ED67 /* OFFPricesPostPriceView.swift */; };
		AB321E4D2B9CBACE0076ED67 /* OFFPricesDeletePriceView.swift in Sources */ = {isa = PBXBuildFile; fileRef = AB321E4C2B9CBACE0076ED67 /* OFFPricesDeletePriceView.swift */; };
		AB92D5CF2B8CDDAE00380D81 /* OFFPricesAPIApp.swift in Sources */ = {isa = PBXBuildFile; fileRef = AB92D5CE2B8CDDAE00380D81 /* OFFPricesAPIApp.swift */; };
		AB92D5D12B8CDDAE00380D81 /* OFFPricesView.swift in Sources */ = {isa = PBXBuildFile; fileRef = AB92D5D02B8CDDAE00380D81 /* OFFPricesView.swift */; };
		AB92D5D32B8CDDB200380D81 /* Assets.xcassets in Resources */ = {isa = PBXBuildFile; fileRef = AB92D5D22B8CDDB200380D81 /* Assets.xcassets */; };
		AB92D5D62B8CDDB200380D81 /* Preview Assets.xcassets in Resources */ = {isa = PBXBuildFile; fileRef = AB92D5D52B8CDDB200380D81 /* Preview Assets.xcassets */; };
		AB92D5E02B8CDDB200380D81 /* OFFPricesAPITests.swift in Sources */ = {isa = PBXBuildFile; fileRef = AB92D5DF2B8CDDB200380D81 /* OFFPricesAPITests.swift */; };
		AB92D5FC2B8CE05B00380D81 /* Decoding.swift in Sources */ = {isa = PBXBuildFile; fileRef = AB92D5FB2B8CE05B00380D81 /* Decoding.swift */; };
		AB92D5FE2B8CE07600380D81 /* OFFAddtionsExtension.swift in Sources */ = {isa = PBXBuildFile; fileRef = AB92D5FD2B8CE07600380D81 /* OFFAddtionsExtension.swift */; };
		AB92D6002B8CE07D00380D81 /* OFFAdditions.swift in Sources */ = {isa = PBXBuildFile; fileRef = AB92D5FF2B8CE07D00380D81 /* OFFAdditions.swift */; };
		AB92D6022B8CE08700380D81 /* HTTPLibrary.swift in Sources */ = {isa = PBXBuildFile; fileRef = AB92D6012B8CE08700380D81 /* HTTPLibrary.swift */; };
		AB92D6042B8CE09000380D81 /* OFFPricesRequired.swift in Sources */ = {isa = PBXBuildFile; fileRef = AB92D6032B8CE09000380D81 /* OFFPricesRequired.swift */; };
		AB92D6072B8CE3C800380D81 /* OFFPricesStatusView.swift in Sources */ = {isa = PBXBuildFile; fileRef = AB92D6062B8CE3C800380D81 /* OFFPricesStatusView.swift */; };
		AB92D60A2B8CE41200380D81 /* OFFPricesStatusEndpoint.swift in Sources */ = {isa = PBXBuildFile; fileRef = AB92D6092B8CE41200380D81 /* OFFPricesStatusEndpoint.swift */; };
		ABBBC0092B8DD1BD002B46F2 /* OFFPricesUsersBasicView.swift in Sources */ = {isa = PBXBuildFile; fileRef = ABBBC0082B8DD1BD002B46F2 /* OFFPricesUsersBasicView.swift */; };
		ABBBC00B2B8DD1DF002B46F2 /* OFFPricesUsersEndpoint.swift in Sources */ = {isa = PBXBuildFile; fileRef = ABBBC00A2B8DD1DF002B46F2 /* OFFPricesUsersEndpoint.swift */; };
		ABBBC00E2B8DDE0C002B46F2 /* InputView.swift in Sources */ = {isa = PBXBuildFile; fileRef = ABBBC00D2B8DDE0C002B46F2 /* InputView.swift */; };
		ABBBC0102B8DDF7A002B46F2 /* ListView.swift in Sources */ = {isa = PBXBuildFile; fileRef = ABBBC00F2B8DDF7A002B46F2 /* ListView.swift */; };
		ABBBC0132B8DE25D002B46F2 /* OFFPricesExtension.swift in Sources */ = {isa = PBXBuildFile; fileRef = ABBBC0122B8DE25D002B46F2 /* OFFPricesExtension.swift */; };
		ABBBC0152B8DEB65002B46F2 /* DictView.swift in Sources */ = {isa = PBXBuildFile; fileRef = ABBBC0142B8DEB65002B46F2 /* DictView.swift */; };
		ABBBC0172B8DEB7A002B46F2 /* DictElementView.swift in Sources */ = {isa = PBXBuildFile; fileRef = ABBBC0162B8DEB7A002B46F2 /* DictElementView.swift */; };
		ABBBC0192B8E0C2A002B46F2 /* OFFPricesUsersView.swift in Sources */ = {isa = PBXBuildFile; fileRef = ABBBC0182B8E0C2A002B46F2 /* OFFPricesUsersView.swift */; };
		ABBBC01B2B8E0CD7002B46F2 /* OFFPricesUsersSortedView.swift in Sources */ = {isa = PBXBuildFile; fileRef = ABBBC01A2B8E0CD7002B46F2 /* OFFPricesUsersSortedView.swift */; };
		ABBBC01D2B8E11A7002B46F2 /* OFFPricesUsersSortedAndFilteredView.swift in Sources */ = {isa = PBXBuildFile; fileRef = ABBBC01C2B8E11A7002B46F2 /* OFFPricesUsersSortedAndFilteredView.swift */; };
		ABDACCA12B91D05400BE9373 /* OFFPricesLocationsNodeView.swift in Sources */ = {isa = PBXBuildFile; fileRef = ABDACCA02B91D05400BE9373 /* OFFPricesLocationsNodeView.swift */; };
		ABDACCA42B91D96900BE9373 /* OFFPricesProductsView.swift in Sources */ = {isa = PBXBuildFile; fileRef = ABDACCA32B91D96900BE9373 /* OFFPricesProductsView.swift */; };
		ABDACCA72B91E30300BE9373 /* OFFPricesProductsEndpoint.swift in Sources */ = {isa = PBXBuildFile; fileRef = ABDACCA62B91E30300BE9373 /* OFFPricesProductsEndpoint.swift */; };
		ABDACCAA2B91E7A400BE9373 /* OFFPricesProductsIDView.swift in Sources */ = {isa = PBXBuildFile; fileRef = ABDACCA92B91E7A400BE9373 /* OFFPricesProductsIDView.swift */; };
		ABDACCAC2B91EC3800BE9373 /* OFFPricesProductsBarcodeView.swift in Sources */ = {isa = PBXBuildFile; fileRef = ABDACCAB2B91EC3800BE9373 /* OFFPricesProductsBarcodeView.swift */; };
		ABDACCAE2B92052D00BE9373 /* OFFPricesProductsListView.swift in Sources */ = {isa = PBXBuildFile; fileRef = ABDACCAD2B92052D00BE9373 /* OFFPricesProductsListView.swift */; };
		ABF33AE32B8F29A000E1CFA2 /* OFFPricesLocationsEndpoint.swift in Sources */ = {isa = PBXBuildFile; fileRef = ABF33AE22B8F29A000E1CFA2 /* OFFPricesLocationsEndpoint.swift */; };
		ABF33AE62B8F36CA00E1CFA2 /* OFFPricesLocationsView.swift in Sources */ = {isa = PBXBuildFile; fileRef = ABF33AE52B8F36CA00E1CFA2 /* OFFPricesLocationsView.swift */; };
		ABF33AE82B8F37A100E1CFA2 /* OFFPricesLocationsSortedAndFilteredView.swift in Sources */ = {isa = PBXBuildFile; fileRef = ABF33AE72B8F37A100E1CFA2 /* OFFPricesLocationsSortedAndFilteredView.swift */; };
		ABF95A122B909E7A00F43223 /* OFFPricesLocationsOSMView.swift in Sources */ = {isa = PBXBuildFile; fileRef = ABF95A112B909E7A00F43223 /* OFFPricesLocationsOSMView.swift */; };
/* End PBXBuildFile section */

/* Begin PBXContainerItemProxy section */
		AB92D5DC2B8CDDB200380D81 /* PBXContainerItemProxy */ = {
			isa = PBXContainerItemProxy;
			containerPortal = AB92D5C32B8CDDAE00380D81 /* Project object */;
			proxyType = 1;
			remoteGlobalIDString = AB92D5CA2B8CDDAE00380D81;
			remoteInfo = OFFPricesAPI;
		};
		AB92D5E62B8CDDB200380D81 /* PBXContainerItemProxy */ = {
			isa = PBXContainerItemProxy;
			containerPortal = AB92D5C32B8CDDAE00380D81 /* Project object */;
			proxyType = 1;
			remoteGlobalIDString = AB92D5CA2B8CDDAE00380D81;
			remoteInfo = OFFPricesAPI;
		};
/* End PBXContainerItemProxy section */

/* Begin PBXFileReference section */
		AB0D880E2B9F303900B4C62F /* OFFPricesDeleteSessionView.swift */ = {isa = PBXFileReference; lastKnownFileType = sourcecode.swift; path = OFFPricesDeleteSessionView.swift; sourceTree = "<group>"; };
		AB1B0C272B920C5500D9195C /* OFFPricesPricesEndpoint.swift */ = {isa = PBXFileReference; lastKnownFileType = sourcecode.swift; path = OFFPricesPricesEndpoint.swift; sourceTree = "<group>"; };
		AB1B0C292B922BA400D9195C /* OFFPricesRequiredProof.swift */ = {isa = PBXFileReference; lastKnownFileType = sourcecode.swift; path = OFFPricesRequiredProof.swift; sourceTree = "<group>"; };
		AB1B0C2B2B922BF500D9195C /* OFFPricesRequiredLocation.swift */ = {isa = PBXFileReference; lastKnownFileType = sourcecode.swift; path = OFFPricesRequiredLocation.swift; sourceTree = "<group>"; };
		AB1B0C2D2B922C3C00D9195C /* OFFPricesRequiredProduct.swift */ = {isa = PBXFileReference; lastKnownFileType = sourcecode.swift; path = OFFPricesRequiredProduct.swift; sourceTree = "<group>"; };
		AB1B0C2F2B92384200D9195C /* OFFPricesPricesView.swift */ = {isa = PBXFileReference; lastKnownFileType = sourcecode.swift; path = OFFPricesPricesView.swift; sourceTree = "<group>"; };
		AB1B0C312B9238A700D9195C /* OFFPricesPricesListView.swift */ = {isa = PBXFileReference; lastKnownFileType = sourcecode.swift; path = OFFPricesPricesListView.swift; sourceTree = "<group>"; };
		AB321E3A2B9B254B0076ED67 /* AuthController.swift */ = {isa = PBXFileReference; fileEncoding = 4; lastKnownFileType = sourcecode.swift; path = AuthController.swift; sourceTree = "<group>"; };
		AB321E3C2B9B25860076ED67 /* OFFPricesAuthEndpoint.swift */ = {isa = PBXFileReference; fileEncoding = 4; lastKnownFileType = sourcecode.swift; path = OFFPricesAuthEndpoint.swift; sourceTree = "<group>"; };
		AB321E3F2B9B287B0076ED67 /* OFFPricesAuthenticationView.swift */ = {isa = PBXFileReference; fileEncoding = 4; lastKnownFileType = sourcecode.swift; path = OFFPricesAuthenticationView.swift; sourceTree = "<group>"; };
		AB321E412B9B362B0076ED67 /* OFFPricesSessionEndpoint.swift */ = {isa = PBXFileReference; lastKnownFileType = sourcecode.swift; path = OFFPricesSessionEndpoint.swift; sourceTree = "<group>"; };
		AB321E432B9B38EF0076ED67 /* OFFPricesAuthView.swift */ = {isa = PBXFileReference; lastKnownFileType = sourcecode.swift; path = OFFPricesAuthView.swift; sourceTree = "<group>"; };
		AB321E462B9B3A640076ED67 /* OFFPricesSessionView.swift */ = {isa = PBXFileReference; lastKnownFileType = sourcecode.swift; path = OFFPricesSessionView.swift; sourceTree = "<group>"; };
		AB321E482B9B51050076ED67 /* OFFPricesPatchPriceView.swift */ = {isa = PBXFileReference; lastKnownFileType = sourcecode.swift; path = OFFPricesPatchPriceView.swift; sourceTree = "<group>"; };
		AB321E4A2B9C9A480076ED67 /* OFFPricesPostPriceView.swift */ = {isa = PBXFileReference; lastKnownFileType = sourcecode.swift; path = OFFPricesPostPriceView.swift; sourceTree = "<group>"; };
		AB321E4C2B9CBACE0076ED67 /* OFFPricesDeletePriceView.swift */ = {isa = PBXFileReference; lastKnownFileType = sourcecode.swift; path = OFFPricesDeletePriceView.swift; sourceTree = "<group>"; };
		AB92D5CB2B8CDDAE00380D81 /* OFFPricesAPI.app */ = {isa = PBXFileReference; explicitFileType = wrapper.application; includeInIndex = 0; path = OFFPricesAPI.app; sourceTree = BUILT_PRODUCTS_DIR; };
		AB92D5CE2B8CDDAE00380D81 /* OFFPricesAPIApp.swift */ = {isa = PBXFileReference; lastKnownFileType = sourcecode.swift; path = OFFPricesAPIApp.swift; sourceTree = "<group>"; };
		AB92D5D02B8CDDAE00380D81 /* OFFPricesView.swift */ = {isa = PBXFileReference; lastKnownFileType = sourcecode.swift; path = OFFPricesView.swift; sourceTree = "<group>"; };
		AB92D5D22B8CDDB200380D81 /* Assets.xcassets */ = {isa = PBXFileReference; lastKnownFileType = folder.assetcatalog; path = Assets.xcassets; sourceTree = "<group>"; };
		AB92D5D52B8CDDB200380D81 /* Preview Assets.xcassets */ = {isa = PBXFileReference; lastKnownFileType = folder.assetcatalog; path = "Preview Assets.xcassets"; sourceTree = "<group>"; };
		AB92D5DB2B8CDDB200380D81 /* OFFPricesAPITests.xctest */ = {isa = PBXFileReference; explicitFileType = wrapper.cfbundle; includeInIndex = 0; path = OFFPricesAPITests.xctest; sourceTree = BUILT_PRODUCTS_DIR; };
		AB92D5DF2B8CDDB200380D81 /* OFFPricesAPITests.swift */ = {isa = PBXFileReference; lastKnownFileType = sourcecode.swift; path = OFFPricesAPITests.swift; sourceTree = "<group>"; };
		AB92D5E52B8CDDB200380D81 /* OFFPricesAPIUITests.xctest */ = {isa = PBXFileReference; explicitFileType = wrapper.cfbundle; includeInIndex = 0; path = OFFPricesAPIUITests.xctest; sourceTree = BUILT_PRODUCTS_DIR; };
		AB92D5FB2B8CE05B00380D81 /* Decoding.swift */ = {isa = PBXFileReference; fileEncoding = 4; lastKnownFileType = sourcecode.swift; path = Decoding.swift; sourceTree = "<group>"; };
		AB92D5FD2B8CE07600380D81 /* OFFAddtionsExtension.swift */ = {isa = PBXFileReference; fileEncoding = 4; lastKnownFileType = sourcecode.swift; path = OFFAddtionsExtension.swift; sourceTree = "<group>"; };
		AB92D5FF2B8CE07D00380D81 /* OFFAdditions.swift */ = {isa = PBXFileReference; fileEncoding = 4; lastKnownFileType = sourcecode.swift; path = OFFAdditions.swift; sourceTree = "<group>"; };
		AB92D6012B8CE08700380D81 /* HTTPLibrary.swift */ = {isa = PBXFileReference; fileEncoding = 4; lastKnownFileType = sourcecode.swift; path = HTTPLibrary.swift; sourceTree = "<group>"; };
		AB92D6032B8CE09000380D81 /* OFFPricesRequired.swift */ = {isa = PBXFileReference; fileEncoding = 4; lastKnownFileType = sourcecode.swift; path = OFFPricesRequired.swift; sourceTree = "<group>"; };
		AB92D6062B8CE3C800380D81 /* OFFPricesStatusView.swift */ = {isa = PBXFileReference; lastKnownFileType = sourcecode.swift; path = OFFPricesStatusView.swift; sourceTree = "<group>"; };
		AB92D6092B8CE41200380D81 /* OFFPricesStatusEndpoint.swift */ = {isa = PBXFileReference; fileEncoding = 4; lastKnownFileType = sourcecode.swift; path = OFFPricesStatusEndpoint.swift; sourceTree = "<group>"; };
		ABBBC0082B8DD1BD002B46F2 /* OFFPricesUsersBasicView.swift */ = {isa = PBXFileReference; lastKnownFileType = sourcecode.swift; path = OFFPricesUsersBasicView.swift; sourceTree = "<group>"; };
		ABBBC00A2B8DD1DF002B46F2 /* OFFPricesUsersEndpoint.swift */ = {isa = PBXFileReference; lastKnownFileType = sourcecode.swift; path = OFFPricesUsersEndpoint.swift; sourceTree = "<group>"; };
		ABBBC00D2B8DDE0C002B46F2 /* InputView.swift */ = {isa = PBXFileReference; fileEncoding = 4; lastKnownFileType = sourcecode.swift; path = InputView.swift; sourceTree = "<group>"; };
		ABBBC00F2B8DDF7A002B46F2 /* ListView.swift */ = {isa = PBXFileReference; fileEncoding = 4; lastKnownFileType = sourcecode.swift; path = ListView.swift; sourceTree = "<group>"; };
		ABBBC0122B8DE25D002B46F2 /* OFFPricesExtension.swift */ = {isa = PBXFileReference; fileEncoding = 4; lastKnownFileType = sourcecode.swift; path = OFFPricesExtension.swift; sourceTree = "<group>"; };
		ABBBC0142B8DEB65002B46F2 /* DictView.swift */ = {isa = PBXFileReference; fileEncoding = 4; lastKnownFileType = sourcecode.swift; path = DictView.swift; sourceTree = "<group>"; };
		ABBBC0162B8DEB7A002B46F2 /* DictElementView.swift */ = {isa = PBXFileReference; fileEncoding = 4; lastKnownFileType = sourcecode.swift; path = DictElementView.swift; sourceTree = "<group>"; };
		ABBBC0182B8E0C2A002B46F2 /* OFFPricesUsersView.swift */ = {isa = PBXFileReference; lastKnownFileType = sourcecode.swift; path = OFFPricesUsersView.swift; sourceTree = "<group>"; };
		ABBBC01A2B8E0CD7002B46F2 /* OFFPricesUsersSortedView.swift */ = {isa = PBXFileReference; lastKnownFileType = sourcecode.swift; path = OFFPricesUsersSortedView.swift; sourceTree = "<group>"; };
		ABBBC01C2B8E11A7002B46F2 /* OFFPricesUsersSortedAndFilteredView.swift */ = {isa = PBXFileReference; lastKnownFileType = sourcecode.swift; path = OFFPricesUsersSortedAndFilteredView.swift; sourceTree = "<group>"; };
		ABDACCA02B91D05400BE9373 /* OFFPricesLocationsNodeView.swift */ = {isa = PBXFileReference; lastKnownFileType = sourcecode.swift; path = OFFPricesLocationsNodeView.swift; sourceTree = "<group>"; };
		ABDACCA32B91D96900BE9373 /* OFFPricesProductsView.swift */ = {isa = PBXFileReference; lastKnownFileType = sourcecode.swift; path = OFFPricesProductsView.swift; sourceTree = "<group>"; };
		ABDACCA62B91E30300BE9373 /* OFFPricesProductsEndpoint.swift */ = {isa = PBXFileReference; lastKnownFileType = sourcecode.swift; path = OFFPricesProductsEndpoint.swift; sourceTree = "<group>"; };
		ABDACCA92B91E7A400BE9373 /* OFFPricesProductsIDView.swift */ = {isa = PBXFileReference; lastKnownFileType = sourcecode.swift; path = OFFPricesProductsIDView.swift; sourceTree = "<group>"; };
		ABDACCAB2B91EC3800BE9373 /* OFFPricesProductsBarcodeView.swift */ = {isa = PBXFileReference; lastKnownFileType = sourcecode.swift; path = OFFPricesProductsBarcodeView.swift; sourceTree = "<group>"; };
		ABDACCAD2B92052D00BE9373 /* OFFPricesProductsListView.swift */ = {isa = PBXFileReference; lastKnownFileType = sourcecode.swift; path = OFFPricesProductsListView.swift; sourceTree = "<group>"; };
		ABF33AE22B8F29A000E1CFA2 /* OFFPricesLocationsEndpoint.swift */ = {isa = PBXFileReference; lastKnownFileType = sourcecode.swift; path = OFFPricesLocationsEndpoint.swift; sourceTree = "<group>"; };
		ABF33AE52B8F36CA00E1CFA2 /* OFFPricesLocationsView.swift */ = {isa = PBXFileReference; lastKnownFileType = sourcecode.swift; path = OFFPricesLocationsView.swift; sourceTree = "<group>"; };
		ABF33AE72B8F37A100E1CFA2 /* OFFPricesLocationsSortedAndFilteredView.swift */ = {isa = PBXFileReference; lastKnownFileType = sourcecode.swift; path = OFFPricesLocationsSortedAndFilteredView.swift; sourceTree = "<group>"; };
		ABF95A112B909E7A00F43223 /* OFFPricesLocationsOSMView.swift */ = {isa = PBXFileReference; lastKnownFileType = sourcecode.swift; path = OFFPricesLocationsOSMView.swift; sourceTree = "<group>"; };
/* End PBXFileReference section */

/* Begin PBXFrameworksBuildPhase section */
		AB92D5C82B8CDDAE00380D81 /* Frameworks */ = {
			isa = PBXFrameworksBuildPhase;
			buildActionMask = 2147483647;
			files = (
			);
			runOnlyForDeploymentPostprocessing = 0;
		};
		AB92D5D82B8CDDB200380D81 /* Frameworks */ = {
			isa = PBXFrameworksBuildPhase;
			buildActionMask = 2147483647;
			files = (
			);
			runOnlyForDeploymentPostprocessing = 0;
		};
		AB92D5E22B8CDDB200380D81 /* Frameworks */ = {
			isa = PBXFrameworksBuildPhase;
			buildActionMask = 2147483647;
			files = (
			);
			runOnlyForDeploymentPostprocessing = 0;
		};
/* End PBXFrameworksBuildPhase section */

/* Begin PBXGroup section */
		AB321E452B9B39590076ED67 /* Authentication */ = {
			isa = PBXGroup;
			children = (
				AB321E3F2B9B287B0076ED67 /* OFFPricesAuthenticationView.swift */,
				AB321E462B9B3A640076ED67 /* OFFPricesSessionView.swift */,
				AB321E432B9B38EF0076ED67 /* OFFPricesAuthView.swift */,
				AB0D880E2B9F303900B4C62F /* OFFPricesDeleteSessionView.swift */,
			);
			path = Authentication;
			sourceTree = "<group>";
		};
		AB92D5C22B8CDDAD00380D81 = {
			isa = PBXGroup;
			children = (
				AB92D5CD2B8CDDAE00380D81 /* OFFPricesAPI */,
				AB92D5DE2B8CDDB200380D81 /* OFFPricesAPITests */,
				AB92D5CC2B8CDDAE00380D81 /* Products */,
			);
			sourceTree = "<group>";
		};
		AB92D5CC2B8CDDAE00380D81 /* Products */ = {
			isa = PBXGroup;
			children = (
				AB92D5CB2B8CDDAE00380D81 /* OFFPricesAPI.app */,
				AB92D5DB2B8CDDB200380D81 /* OFFPricesAPITests.xctest */,
				AB92D5E52B8CDDB200380D81 /* OFFPricesAPIUITests.xctest */,
			);
			name = Products;
			sourceTree = "<group>";
		};
		AB92D5CD2B8CDDAE00380D81 /* OFFPricesAPI */ = {
			isa = PBXGroup;
			children = (
				AB92D5CE2B8CDDAE00380D81 /* OFFPricesAPIApp.swift */,
				AB92D5F82B8CE01300380D81 /* Demo */,
				AB92D5F92B8CE02D00380D81 /* OFFPricesAPI */,
				AB92D5D22B8CDDB200380D81 /* Assets.xcassets */,
				AB92D5D42B8CDDB200380D81 /* Preview Content */,
			);
			path = OFFPricesAPI;
			sourceTree = "<group>";
		};
		AB92D5D42B8CDDB200380D81 /* Preview Content */ = {
			isa = PBXGroup;
			children = (
				AB92D5D52B8CDDB200380D81 /* Preview Assets.xcassets */,
			);
			path = "Preview Content";
			sourceTree = "<group>";
		};
		AB92D5DE2B8CDDB200380D81 /* OFFPricesAPITests */ = {
			isa = PBXGroup;
			children = (
				AB92D5DF2B8CDDB200380D81 /* OFFPricesAPITests.swift */,
			);
			path = OFFPricesAPITests;
			sourceTree = "<group>";
		};
		AB92D5F82B8CE01300380D81 /* Demo */ = {
			isa = PBXGroup;
			children = (
				AB92D5D02B8CDDAE00380D81 /* OFFPricesView.swift */,
				AB321E452B9B39590076ED67 /* Authentication */,
				ABBBC0112B8DE25D002B46F2 /* Extensions */,
				ABBBC00C2B8DDDF7002B46F2 /* Generic */,
				ABF33AE42B8F36A100E1CFA2 /* Locations */,
				ABDACCA82B91E73800BE9373 /* Prices */,
				ABDACCA22B91D95700BE9373 /* Products */,
				AB92D6052B8CE34700380D81 /* Status */,
				ABBBC0072B8DD18D002B46F2 /* Users */,
			);
			path = Demo;
			sourceTree = "<group>";
		};
		AB92D5F92B8CE02D00380D81 /* OFFPricesAPI */ = {
			isa = PBXGroup;
			children = (
				ABDACCA52B91E2DC00BE9373 /* Endpoints */,
				AB92D5FA2B8CE04500380D81 /* Required */,
			);
			path = OFFPricesAPI;
			sourceTree = "<group>";
		};
		AB92D5FA2B8CE04500380D81 /* Required */ = {
			isa = PBXGroup;
			children = (
				AB321E3A2B9B254B0076ED67 /* AuthController.swift */,
				AB92D5FB2B8CE05B00380D81 /* Decoding.swift */,
				AB92D6012B8CE08700380D81 /* HTTPLibrary.swift */,
				AB92D5FF2B8CE07D00380D81 /* OFFAdditions.swift */,
				AB92D5FD2B8CE07600380D81 /* OFFAddtionsExtension.swift */,
				AB92D6032B8CE09000380D81 /* OFFPricesRequired.swift */,
				AB1B0C2B2B922BF500D9195C /* OFFPricesRequiredLocation.swift */,
				AB1B0C2D2B922C3C00D9195C /* OFFPricesRequiredProduct.swift */,
				AB1B0C292B922BA400D9195C /* OFFPricesRequiredProof.swift */,
			);
			path = Required;
			sourceTree = "<group>";
		};
		AB92D6052B8CE34700380D81 /* Status */ = {
			isa = PBXGroup;
			children = (
				AB92D6062B8CE3C800380D81 /* OFFPricesStatusView.swift */,
			);
			path = Status;
			sourceTree = "<group>";
		};
		ABBBC0072B8DD18D002B46F2 /* Users */ = {
			isa = PBXGroup;
			children = (
				ABBBC0182B8E0C2A002B46F2 /* OFFPricesUsersView.swift */,
				ABBBC0082B8DD1BD002B46F2 /* OFFPricesUsersBasicView.swift */,
				ABBBC01A2B8E0CD7002B46F2 /* OFFPricesUsersSortedView.swift */,
				ABBBC01C2B8E11A7002B46F2 /* OFFPricesUsersSortedAndFilteredView.swift */,
			);
			path = Users;
			sourceTree = "<group>";
		};
		ABBBC00C2B8DDDF7002B46F2 /* Generic */ = {
			isa = PBXGroup;
			children = (
				ABBBC0162B8DEB7A002B46F2 /* DictElementView.swift */,
				ABBBC0142B8DEB65002B46F2 /* DictView.swift */,
				ABBBC00D2B8DDE0C002B46F2 /* InputView.swift */,
				ABBBC00F2B8DDF7A002B46F2 /* ListView.swift */,
			);
			path = Generic;
			sourceTree = "<group>";
		};
		ABBBC0112B8DE25D002B46F2 /* Extensions */ = {
			isa = PBXGroup;
			children = (
				ABBBC0122B8DE25D002B46F2 /* OFFPricesExtension.swift */,
			);
			path = Extensions;
			sourceTree = "<group>";
		};
		ABDACCA22B91D95700BE9373 /* Products */ = {
			isa = PBXGroup;
			children = (
				ABDACCA32B91D96900BE9373 /* OFFPricesProductsView.swift */,
				ABDACCAB2B91EC3800BE9373 /* OFFPricesProductsBarcodeView.swift */,
				ABDACCA92B91E7A400BE9373 /* OFFPricesProductsIDView.swift */,
				ABDACCAD2B92052D00BE9373 /* OFFPricesProductsListView.swift */,
			);
			path = Products;
			sourceTree = "<group>";
		};
		ABDACCA52B91E2DC00BE9373 /* Endpoints */ = {
			isa = PBXGroup;
			children = (
				AB321E3C2B9B25860076ED67 /* OFFPricesAuthEndpoint.swift */,
				ABF33AE22B8F29A000E1CFA2 /* OFFPricesLocationsEndpoint.swift */,
				AB1B0C272B920C5500D9195C /* OFFPricesPricesEndpoint.swift */,
				ABDACCA62B91E30300BE9373 /* OFFPricesProductsEndpoint.swift */,
				AB321E412B9B362B0076ED67 /* OFFPricesSessionEndpoint.swift */,
				AB92D6092B8CE41200380D81 /* OFFPricesStatusEndpoint.swift */,
				ABBBC00A2B8DD1DF002B46F2 /* OFFPricesUsersEndpoint.swift */,
			);
			path = Endpoints;
			sourceTree = "<group>";
		};
		ABDACCA82B91E73800BE9373 /* Prices */ = {
			isa = PBXGroup;
			children = (
				AB1B0C2F2B92384200D9195C /* OFFPricesPricesView.swift */,
				AB321E4C2B9CBACE0076ED67 /* OFFPricesDeletePriceView.swift */,
				AB1B0C312B9238A700D9195C /* OFFPricesPricesListView.swift */,
				AB321E482B9B51050076ED67 /* OFFPricesPatchPriceView.swift */,
				AB321E4A2B9C9A480076ED67 /* OFFPricesPostPriceView.swift */,
			);
			path = Prices;
			sourceTree = "<group>";
		};
		ABF33AE42B8F36A100E1CFA2 /* Locations */ = {
			isa = PBXGroup;
			children = (
				ABF33AE52B8F36CA00E1CFA2 /* OFFPricesLocationsView.swift */,
				ABF33AE72B8F37A100E1CFA2 /* OFFPricesLocationsSortedAndFilteredView.swift */,
				ABF95A112B909E7A00F43223 /* OFFPricesLocationsOSMView.swift */,
				ABDACCA02B91D05400BE9373 /* OFFPricesLocationsNodeView.swift */,
			);
			path = Locations;
			sourceTree = "<group>";
		};
/* End PBXGroup section */

/* Begin PBXNativeTarget section */
		AB92D5CA2B8CDDAE00380D81 /* OFFPricesAPI */ = {
			isa = PBXNativeTarget;
			buildConfigurationList = AB92D5EF2B8CDDB200380D81 /* Build configuration list for PBXNativeTarget "OFFPricesAPI" */;
			buildPhases = (
				AB92D5C72B8CDDAE00380D81 /* Sources */,
				AB92D5C82B8CDDAE00380D81 /* Frameworks */,
				AB92D5C92B8CDDAE00380D81 /* Resources */,
			);
			buildRules = (
			);
			dependencies = (
			);
			name = OFFPricesAPI;
			productName = OFFPricesAPI;
			productReference = AB92D5CB2B8CDDAE00380D81 /* OFFPricesAPI.app */;
			productType = "com.apple.product-type.application";
		};
		AB92D5DA2B8CDDB200380D81 /* OFFPricesAPITests */ = {
			isa = PBXNativeTarget;
			buildConfigurationList = AB92D5F22B8CDDB200380D81 /* Build configuration list for PBXNativeTarget "OFFPricesAPITests" */;
			buildPhases = (
				AB92D5D72B8CDDB200380D81 /* Sources */,
				AB92D5D82B8CDDB200380D81 /* Frameworks */,
				AB92D5D92B8CDDB200380D81 /* Resources */,
			);
			buildRules = (
			);
			dependencies = (
				AB92D5DD2B8CDDB200380D81 /* PBXTargetDependency */,
			);
			name = OFFPricesAPITests;
			productName = OFFPricesAPITests;
			productReference = AB92D5DB2B8CDDB200380D81 /* OFFPricesAPITests.xctest */;
			productType = "com.apple.product-type.bundle.unit-test";
		};
		AB92D5E42B8CDDB200380D81 /* OFFPricesAPIUITests */ = {
			isa = PBXNativeTarget;
			buildConfigurationList = AB92D5F52B8CDDB200380D81 /* Build configuration list for PBXNativeTarget "OFFPricesAPIUITests" */;
			buildPhases = (
				AB92D5E12B8CDDB200380D81 /* Sources */,
				AB92D5E22B8CDDB200380D81 /* Frameworks */,
				AB92D5E32B8CDDB200380D81 /* Resources */,
			);
			buildRules = (
			);
			dependencies = (
				AB92D5E72B8CDDB200380D81 /* PBXTargetDependency */,
			);
			name = OFFPricesAPIUITests;
			productName = OFFPricesAPIUITests;
			productReference = AB92D5E52B8CDDB200380D81 /* OFFPricesAPIUITests.xctest */;
			productType = "com.apple.product-type.bundle.ui-testing";
		};
/* End PBXNativeTarget section */

/* Begin PBXProject section */
		AB92D5C32B8CDDAE00380D81 /* Project object */ = {
			isa = PBXProject;
			attributes = {
				BuildIndependentTargetsInParallel = 1;
				LastSwiftUpdateCheck = 1500;
				LastUpgradeCheck = 1500;
				TargetAttributes = {
					AB92D5CA2B8CDDAE00380D81 = {
						CreatedOnToolsVersion = 15.0;
					};
					AB92D5DA2B8CDDB200380D81 = {
						CreatedOnToolsVersion = 15.0;
						TestTargetID = AB92D5CA2B8CDDAE00380D81;
					};
					AB92D5E42B8CDDB200380D81 = {
						CreatedOnToolsVersion = 15.0;
						TestTargetID = AB92D5CA2B8CDDAE00380D81;
					};
				};
			};
			buildConfigurationList = AB92D5C62B8CDDAE00380D81 /* Build configuration list for PBXProject "OFFPricesAPI" */;
			compatibilityVersion = "Xcode 14.0";
			developmentRegion = en;
			hasScannedForEncodings = 0;
			knownRegions = (
				en,
				Base,
			);
			mainGroup = AB92D5C22B8CDDAD00380D81;
			productRefGroup = AB92D5CC2B8CDDAE00380D81 /* Products */;
			projectDirPath = "";
			projectRoot = "";
			targets = (
				AB92D5CA2B8CDDAE00380D81 /* OFFPricesAPI */,
				AB92D5DA2B8CDDB200380D81 /* OFFPricesAPITests */,
				AB92D5E42B8CDDB200380D81 /* OFFPricesAPIUITests */,
			);
		};
/* End PBXProject section */

/* Begin PBXResourcesBuildPhase section */
		AB92D5C92B8CDDAE00380D81 /* Resources */ = {
			isa = PBXResourcesBuildPhase;
			buildActionMask = 2147483647;
			files = (
				AB92D5D62B8CDDB200380D81 /* Preview Assets.xcassets in Resources */,
				AB92D5D32B8CDDB200380D81 /* Assets.xcassets in Resources */,
			);
			runOnlyForDeploymentPostprocessing = 0;
		};
		AB92D5D92B8CDDB200380D81 /* Resources */ = {
			isa = PBXResourcesBuildPhase;
			buildActionMask = 2147483647;
			files = (
			);
			runOnlyForDeploymentPostprocessing = 0;
		};
		AB92D5E32B8CDDB200380D81 /* Resources */ = {
			isa = PBXResourcesBuildPhase;
			buildActionMask = 2147483647;
			files = (
			);
			runOnlyForDeploymentPostprocessing = 0;
		};
/* End PBXResourcesBuildPhase section */

/* Begin PBXSourcesBuildPhase section */
		AB92D5C72B8CDDAE00380D81 /* Sources */ = {
			isa = PBXSourcesBuildPhase;
			buildActionMask = 2147483647;
			files = (
				AB92D5D12B8CDDAE00380D81 /* OFFPricesView.swift in Sources */,
				ABDACCA42B91D96900BE9373 /* OFFPricesProductsView.swift in Sources */,
				AB1B0C2A2B922BA400D9195C /* OFFPricesRequiredProof.swift in Sources */,
				ABBBC0102B8DDF7A002B46F2 /* ListView.swift in Sources */,
				AB92D6022B8CE08700380D81 /* HTTPLibrary.swift in Sources */,
				ABBBC0132B8DE25D002B46F2 /* OFFPricesExtension.swift in Sources */,
				AB0D880F2B9F303900B4C62F /* OFFPricesDeleteSessionView.swift in Sources */,
				AB1B0C282B920C5500D9195C /* OFFPricesPricesEndpoint.swift in Sources */,
				AB321E422B9B362B0076ED67 /* OFFPricesSessionEndpoint.swift in Sources */,
				AB92D5FC2B8CE05B00380D81 /* Decoding.swift in Sources */,
				ABBBC0092B8DD1BD002B46F2 /* OFFPricesUsersBasicView.swift in Sources */,
				AB321E472B9B3A640076ED67 /* OFFPricesSessionView.swift in Sources */,
				AB92D6002B8CE07D00380D81 /* OFFAdditions.swift in Sources */,
				AB1B0C302B92384200D9195C /* OFFPricesPricesView.swift in Sources */,
				AB92D60A2B8CE41200380D81 /* OFFPricesStatusEndpoint.swift in Sources */,
				ABF33AE32B8F29A000E1CFA2 /* OFFPricesLocationsEndpoint.swift in Sources */,
				AB321E3B2B9B254B0076ED67 /* AuthController.swift in Sources */,
				AB321E3D2B9B25860076ED67 /* OFFPricesAuthEndpoint.swift in Sources */,
				AB321E442B9B38EF0076ED67 /* OFFPricesAuthView.swift in Sources */,
				ABDACCA72B91E30300BE9373 /* OFFPricesProductsEndpoint.swift in Sources */,
				AB321E4D2B9CBACE0076ED67 /* OFFPricesDeletePriceView.swift in Sources */,
				AB321E402B9B287B0076ED67 /* OFFPricesAuthenticationView.swift in Sources */,
				ABBBC0152B8DEB65002B46F2 /* DictView.swift in Sources */,
				ABDACCA12B91D05400BE9373 /* OFFPricesLocationsNodeView.swift in Sources */,
				ABBBC0192B8E0C2A002B46F2 /* OFFPricesUsersView.swift in Sources */,
				AB1B0C322B9238A700D9195C /* OFFPricesPricesListView.swift in Sources */,
				AB321E4B2B9C9A480076ED67 /* OFFPricesPostPriceView.swift in Sources */,
				ABBBC0172B8DEB7A002B46F2 /* DictElementView.swift in Sources */,
				AB92D6072B8CE3C800380D81 /* OFFPricesStatusView.swift in Sources */,
				ABBBC01D2B8E11A7002B46F2 /* OFFPricesUsersSortedAndFilteredView.swift in Sources */,
				ABBBC01B2B8E0CD7002B46F2 /* OFFPricesUsersSortedView.swift in Sources */,
				ABDACCAA2B91E7A400BE9373 /* OFFPricesProductsIDView.swift in Sources */,
				AB1B0C2C2B922BF500D9195C /* OFFPricesRequiredLocation.swift in Sources */,
				ABDACCAE2B92052D00BE9373 /* OFFPricesProductsListView.swift in Sources */,
				AB1B0C2E2B922C3C00D9195C /* OFFPricesRequiredProduct.swift in Sources */,
				ABBBC00B2B8DD1DF002B46F2 /* OFFPricesUsersEndpoint.swift in Sources */,
				ABF33AE62B8F36CA00E1CFA2 /* OFFPricesLocationsView.swift in Sources */,
				ABF33AE82B8F37A100E1CFA2 /* OFFPricesLocationsSortedAndFilteredView.swift in Sources */,
				AB92D5CF2B8CDDAE00380D81 /* OFFPricesAPIApp.swift in Sources */,
				ABBBC00E2B8DDE0C002B46F2 /* InputView.swift in Sources */,
				AB321E492B9B51050076ED67 /* OFFPricesPatchPriceView.swift in Sources */,
				ABF95A122B909E7A00F43223 /* OFFPricesLocationsOSMView.swift in Sources */,
				ABDACCAC2B91EC3800BE9373 /* OFFPricesProductsBarcodeView.swift in Sources */,
				AB92D5FE2B8CE07600380D81 /* OFFAddtionsExtension.swift in Sources */,
				AB92D6042B8CE09000380D81 /* OFFPricesRequired.swift in Sources */,
			);
			runOnlyForDeploymentPostprocessing = 0;
		};
		AB92D5D72B8CDDB200380D81 /* Sources */ = {
			isa = PBXSourcesBuildPhase;
			buildActionMask = 2147483647;
			files = (
				AB92D5E02B8CDDB200380D81 /* OFFPricesAPITests.swift in Sources */,
			);
			runOnlyForDeploymentPostprocessing = 0;
		};
		AB92D5E12B8CDDB200380D81 /* Sources */ = {
			isa = PBXSourcesBuildPhase;
			buildActionMask = 2147483647;
			files = (
			);
			runOnlyForDeploymentPostprocessing = 0;
		};
/* End PBXSourcesBuildPhase section */

/* Begin PBXTargetDependency section */
		AB92D5DD2B8CDDB200380D81 /* PBXTargetDependency */ = {
			isa = PBXTargetDependency;
			target = AB92D5CA2B8CDDAE00380D81 /* OFFPricesAPI */;
			targetProxy = AB92D5DC2B8CDDB200380D81 /* PBXContainerItemProxy */;
		};
		AB92D5E72B8CDDB200380D81 /* PBXTargetDependency */ = {
			isa = PBXTargetDependency;
			target = AB92D5CA2B8CDDAE00380D81 /* OFFPricesAPI */;
			targetProxy = AB92D5E62B8CDDB200380D81 /* PBXContainerItemProxy */;
		};
/* End PBXTargetDependency section */

/* Begin XCBuildConfiguration section */
		AB92D5ED2B8CDDB200380D81 /* Debug */ = {
			isa = XCBuildConfiguration;
			buildSettings = {
				ALWAYS_SEARCH_USER_PATHS = NO;
				ASSETCATALOG_COMPILER_GENERATE_SWIFT_ASSET_SYMBOL_EXTENSIONS = YES;
				CLANG_ANALYZER_NONNULL = YES;
				CLANG_ANALYZER_NUMBER_OBJECT_CONVERSION = YES_AGGRESSIVE;
				CLANG_CXX_LANGUAGE_STANDARD = "gnu++20";
				CLANG_ENABLE_MODULES = YES;
				CLANG_ENABLE_OBJC_ARC = YES;
				CLANG_ENABLE_OBJC_WEAK = YES;
				CLANG_WARN_BLOCK_CAPTURE_AUTORELEASING = YES;
				CLANG_WARN_BOOL_CONVERSION = YES;
				CLANG_WARN_COMMA = YES;
				CLANG_WARN_CONSTANT_CONVERSION = YES;
				CLANG_WARN_DEPRECATED_OBJC_IMPLEMENTATIONS = YES;
				CLANG_WARN_DIRECT_OBJC_ISA_USAGE = YES_ERROR;
				CLANG_WARN_DOCUMENTATION_COMMENTS = YES;
				CLANG_WARN_EMPTY_BODY = YES;
				CLANG_WARN_ENUM_CONVERSION = YES;
				CLANG_WARN_INFINITE_RECURSION = YES;
				CLANG_WARN_INT_CONVERSION = YES;
				CLANG_WARN_NON_LITERAL_NULL_CONVERSION = YES;
				CLANG_WARN_OBJC_IMPLICIT_RETAIN_SELF = YES;
				CLANG_WARN_OBJC_LITERAL_CONVERSION = YES;
				CLANG_WARN_OBJC_ROOT_CLASS = YES_ERROR;
				CLANG_WARN_QUOTED_INCLUDE_IN_FRAMEWORK_HEADER = YES;
				CLANG_WARN_RANGE_LOOP_ANALYSIS = YES;
				CLANG_WARN_STRICT_PROTOTYPES = YES;
				CLANG_WARN_SUSPICIOUS_MOVE = YES;
				CLANG_WARN_UNGUARDED_AVAILABILITY = YES_AGGRESSIVE;
				CLANG_WARN_UNREACHABLE_CODE = YES;
				CLANG_WARN__DUPLICATE_METHOD_MATCH = YES;
				COPY_PHASE_STRIP = NO;
				DEBUG_INFORMATION_FORMAT = dwarf;
				ENABLE_STRICT_OBJC_MSGSEND = YES;
				ENABLE_TESTABILITY = YES;
				ENABLE_USER_SCRIPT_SANDBOXING = YES;
				GCC_C_LANGUAGE_STANDARD = gnu17;
				GCC_DYNAMIC_NO_PIC = NO;
				GCC_NO_COMMON_BLOCKS = YES;
				GCC_OPTIMIZATION_LEVEL = 0;
				GCC_PREPROCESSOR_DEFINITIONS = (
					"DEBUG=1",
					"$(inherited)",
				);
				GCC_WARN_64_TO_32_BIT_CONVERSION = YES;
				GCC_WARN_ABOUT_RETURN_TYPE = YES_ERROR;
				GCC_WARN_UNDECLARED_SELECTOR = YES;
				GCC_WARN_UNINITIALIZED_AUTOS = YES_AGGRESSIVE;
				GCC_WARN_UNUSED_FUNCTION = YES;
				GCC_WARN_UNUSED_VARIABLE = YES;
				IPHONEOS_DEPLOYMENT_TARGET = 17.0;
				LOCALIZATION_PREFERS_STRING_CATALOGS = YES;
				MTL_ENABLE_DEBUG_INFO = INCLUDE_SOURCE;
				MTL_FAST_MATH = YES;
				ONLY_ACTIVE_ARCH = YES;
				SDKROOT = iphoneos;
				SWIFT_ACTIVE_COMPILATION_CONDITIONS = "DEBUG $(inherited)";
				SWIFT_OPTIMIZATION_LEVEL = "-Onone";
			};
			name = Debug;
		};
		AB92D5EE2B8CDDB200380D81 /* Release */ = {
			isa = XCBuildConfiguration;
			buildSettings = {
				ALWAYS_SEARCH_USER_PATHS = NO;
				ASSETCATALOG_COMPILER_GENERATE_SWIFT_ASSET_SYMBOL_EXTENSIONS = YES;
				CLANG_ANALYZER_NONNULL = YES;
				CLANG_ANALYZER_NUMBER_OBJECT_CONVERSION = YES_AGGRESSIVE;
				CLANG_CXX_LANGUAGE_STANDARD = "gnu++20";
				CLANG_ENABLE_MODULES = YES;
				CLANG_ENABLE_OBJC_ARC = YES;
				CLANG_ENABLE_OBJC_WEAK = YES;
				CLANG_WARN_BLOCK_CAPTURE_AUTORELEASING = YES;
				CLANG_WARN_BOOL_CONVERSION = YES;
				CLANG_WARN_COMMA = YES;
				CLANG_WARN_CONSTANT_CONVERSION = YES;
				CLANG_WARN_DEPRECATED_OBJC_IMPLEMENTATIONS = YES;
				CLANG_WARN_DIRECT_OBJC_ISA_USAGE = YES_ERROR;
				CLANG_WARN_DOCUMENTATION_COMMENTS = YES;
				CLANG_WARN_EMPTY_BODY = YES;
				CLANG_WARN_ENUM_CONVERSION = YES;
				CLANG_WARN_INFINITE_RECURSION = YES;
				CLANG_WARN_INT_CONVERSION = YES;
				CLANG_WARN_NON_LITERAL_NULL_CONVERSION = YES;
				CLANG_WARN_OBJC_IMPLICIT_RETAIN_SELF = YES;
				CLANG_WARN_OBJC_LITERAL_CONVERSION = YES;
				CLANG_WARN_OBJC_ROOT_CLASS = YES_ERROR;
				CLANG_WARN_QUOTED_INCLUDE_IN_FRAMEWORK_HEADER = YES;
				CLANG_WARN_RANGE_LOOP_ANALYSIS = YES;
				CLANG_WARN_STRICT_PROTOTYPES = YES;
				CLANG_WARN_SUSPICIOUS_MOVE = YES;
				CLANG_WARN_UNGUARDED_AVAILABILITY = YES_AGGRESSIVE;
				CLANG_WARN_UNREACHABLE_CODE = YES;
				CLANG_WARN__DUPLICATE_METHOD_MATCH = YES;
				COPY_PHASE_STRIP = NO;
				DEBUG_INFORMATION_FORMAT = "dwarf-with-dsym";
				ENABLE_NS_ASSERTIONS = NO;
				ENABLE_STRICT_OBJC_MSGSEND = YES;
				ENABLE_USER_SCRIPT_SANDBOXING = YES;
				GCC_C_LANGUAGE_STANDARD = gnu17;
				GCC_NO_COMMON_BLOCKS = YES;
				GCC_WARN_64_TO_32_BIT_CONVERSION = YES;
				GCC_WARN_ABOUT_RETURN_TYPE = YES_ERROR;
				GCC_WARN_UNDECLARED_SELECTOR = YES;
				GCC_WARN_UNINITIALIZED_AUTOS = YES_AGGRESSIVE;
				GCC_WARN_UNUSED_FUNCTION = YES;
				GCC_WARN_UNUSED_VARIABLE = YES;
				IPHONEOS_DEPLOYMENT_TARGET = 17.0;
				LOCALIZATION_PREFERS_STRING_CATALOGS = YES;
				MTL_ENABLE_DEBUG_INFO = NO;
				MTL_FAST_MATH = YES;
				SDKROOT = iphoneos;
				SWIFT_COMPILATION_MODE = wholemodule;
				VALIDATE_PRODUCT = YES;
			};
			name = Release;
		};
		AB92D5F02B8CDDB200380D81 /* Debug */ = {
			isa = XCBuildConfiguration;
			buildSettings = {
				ASSETCATALOG_COMPILER_APPICON_NAME = AppIcon;
				ASSETCATALOG_COMPILER_GLOBAL_ACCENT_COLOR_NAME = AccentColor;
				CODE_SIGN_STYLE = Automatic;
				CURRENT_PROJECT_VERSION = 1;
				DEVELOPMENT_ASSET_PATHS = "\"OFFPricesAPI/Preview Content\"";
				DEVELOPMENT_TEAM = Q4FXMVWJ7V;
				ENABLE_PREVIEWS = YES;
				GENERATE_INFOPLIST_FILE = YES;
				INFOPLIST_KEY_UIApplicationSceneManifest_Generation = YES;
				INFOPLIST_KEY_UIApplicationSupportsIndirectInputEvents = YES;
				INFOPLIST_KEY_UILaunchScreen_Generation = YES;
				INFOPLIST_KEY_UISupportedInterfaceOrientations_iPad = "UIInterfaceOrientationPortrait UIInterfaceOrientationPortraitUpsideDown UIInterfaceOrientationLandscapeLeft UIInterfaceOrientationLandscapeRight";
				INFOPLIST_KEY_UISupportedInterfaceOrientations_iPhone = "UIInterfaceOrientationPortrait UIInterfaceOrientationLandscapeLeft UIInterfaceOrientationLandscapeRight";
				LD_RUNPATH_SEARCH_PATHS = (
					"$(inherited)",
					"@executable_path/Frameworks",
				);
				MARKETING_VERSION = 1.0;
				PRODUCT_BUNDLE_IDENTIFIER = com.sivas.hoveringabove.OFFPricesAPI;
				PRODUCT_NAME = "$(TARGET_NAME)";
				SWIFT_EMIT_LOC_STRINGS = YES;
				SWIFT_VERSION = 5.0;
				TARGETED_DEVICE_FAMILY = "1,2";
			};
			name = Debug;
		};
		AB92D5F12B8CDDB200380D81 /* Release */ = {
			isa = XCBuildConfiguration;
			buildSettings = {
				ASSETCATALOG_COMPILER_APPICON_NAME = AppIcon;
				ASSETCATALOG_COMPILER_GLOBAL_ACCENT_COLOR_NAME = AccentColor;
				CODE_SIGN_STYLE = Automatic;
				CURRENT_PROJECT_VERSION = 1;
				DEVELOPMENT_ASSET_PATHS = "\"OFFPricesAPI/Preview Content\"";
				DEVELOPMENT_TEAM = Q4FXMVWJ7V;
				ENABLE_PREVIEWS = YES;
				GENERATE_INFOPLIST_FILE = YES;
				INFOPLIST_KEY_UIApplicationSceneManifest_Generation = YES;
				INFOPLIST_KEY_UIApplicationSupportsIndirectInputEvents = YES;
				INFOPLIST_KEY_UILaunchScreen_Generation = YES;
				INFOPLIST_KEY_UISupportedInterfaceOrientations_iPad = "UIInterfaceOrientationPortrait UIInterfaceOrientationPortraitUpsideDown UIInterfaceOrientationLandscapeLeft UIInterfaceOrientationLandscapeRight";
				INFOPLIST_KEY_UISupportedInterfaceOrientations_iPhone = "UIInterfaceOrientationPortrait UIInterfaceOrientationLandscapeLeft UIInterfaceOrientationLandscapeRight";
				LD_RUNPATH_SEARCH_PATHS = (
					"$(inherited)",
					"@executable_path/Frameworks",
				);
				MARKETING_VERSION = 1.0;
				PRODUCT_BUNDLE_IDENTIFIER = com.sivas.hoveringabove.OFFPricesAPI;
				PRODUCT_NAME = "$(TARGET_NAME)";
				SWIFT_EMIT_LOC_STRINGS = YES;
				SWIFT_VERSION = 5.0;
				TARGETED_DEVICE_FAMILY = "1,2";
			};
			name = Release;
		};
		AB92D5F32B8CDDB200380D81 /* Debug */ = {
			isa = XCBuildConfiguration;
			buildSettings = {
				ALWAYS_EMBED_SWIFT_STANDARD_LIBRARIES = YES;
				BUNDLE_LOADER = "$(TEST_HOST)";
				CODE_SIGN_STYLE = Automatic;
				CURRENT_PROJECT_VERSION = 1;
				DEVELOPMENT_TEAM = Q4FXMVWJ7V;
				GENERATE_INFOPLIST_FILE = YES;
				IPHONEOS_DEPLOYMENT_TARGET = 17.0;
				MARKETING_VERSION = 1.0;
				PRODUCT_BUNDLE_IDENTIFIER = com.sivas.hoveringabove.OFFPricesAPITests;
				PRODUCT_NAME = "$(TARGET_NAME)";
				SWIFT_EMIT_LOC_STRINGS = NO;
				SWIFT_VERSION = 5.0;
				TARGETED_DEVICE_FAMILY = "1,2";
				TEST_HOST = "$(BUILT_PRODUCTS_DIR)/OFFPricesAPI.app/$(BUNDLE_EXECUTABLE_FOLDER_PATH)/OFFPricesAPI";
			};
			name = Debug;
		};
		AB92D5F42B8CDDB200380D81 /* Release */ = {
			isa = XCBuildConfiguration;
			buildSettings = {
				ALWAYS_EMBED_SWIFT_STANDARD_LIBRARIES = YES;
				BUNDLE_LOADER = "$(TEST_HOST)";
				CODE_SIGN_STYLE = Automatic;
				CURRENT_PROJECT_VERSION = 1;
				DEVELOPMENT_TEAM = Q4FXMVWJ7V;
				GENERATE_INFOPLIST_FILE = YES;
				IPHONEOS_DEPLOYMENT_TARGET = 17.0;
				MARKETING_VERSION = 1.0;
				PRODUCT_BUNDLE_IDENTIFIER = com.sivas.hoveringabove.OFFPricesAPITests;
				PRODUCT_NAME = "$(TARGET_NAME)";
				SWIFT_EMIT_LOC_STRINGS = NO;
				SWIFT_VERSION = 5.0;
				TARGETED_DEVICE_FAMILY = "1,2";
				TEST_HOST = "$(BUILT_PRODUCTS_DIR)/OFFPricesAPI.app/$(BUNDLE_EXECUTABLE_FOLDER_PATH)/OFFPricesAPI";
			};
			name = Release;
		};
		AB92D5F62B8CDDB200380D81 /* Debug */ = {
			isa = XCBuildConfiguration;
			buildSettings = {
				ALWAYS_EMBED_SWIFT_STANDARD_LIBRARIES = YES;
				CODE_SIGN_STYLE = Automatic;
				CURRENT_PROJECT_VERSION = 1;
				DEVELOPMENT_TEAM = Q4FXMVWJ7V;
				GENERATE_INFOPLIST_FILE = YES;
				MARKETING_VERSION = 1.0;
				PRODUCT_BUNDLE_IDENTIFIER = com.sivas.hoveringabove.OFFPricesAPIUITests;
				PRODUCT_NAME = "$(TARGET_NAME)";
				SWIFT_EMIT_LOC_STRINGS = NO;
				SWIFT_VERSION = 5.0;
				TARGETED_DEVICE_FAMILY = "1,2";
				TEST_TARGET_NAME = OFFPricesAPI;
			};
			name = Debug;
		};
		AB92D5F72B8CDDB200380D81 /* Release */ = {
			isa = XCBuildConfiguration;
			buildSettings = {
				ALWAYS_EMBED_SWIFT_STANDARD_LIBRARIES = YES;
				CODE_SIGN_STYLE = Automatic;
				CURRENT_PROJECT_VERSION = 1;
				DEVELOPMENT_TEAM = Q4FXMVWJ7V;
				GENERATE_INFOPLIST_FILE = YES;
				MARKETING_VERSION = 1.0;
				PRODUCT_BUNDLE_IDENTIFIER = com.sivas.hoveringabove.OFFPricesAPIUITests;
				PRODUCT_NAME = "$(TARGET_NAME)";
				SWIFT_EMIT_LOC_STRINGS = NO;
				SWIFT_VERSION = 5.0;
				TARGETED_DEVICE_FAMILY = "1,2";
				TEST_TARGET_NAME = OFFPricesAPI;
			};
			name = Release;
		};
/* End XCBuildConfiguration section */

/* Begin XCConfigurationList section */
		AB92D5C62B8CDDAE00380D81 /* Build configuration list for PBXProject "OFFPricesAPI" */ = {
			isa = XCConfigurationList;
			buildConfigurations = (
				AB92D5ED2B8CDDB200380D81 /* Debug */,
				AB92D5EE2B8CDDB200380D81 /* Release */,
			);
			defaultConfigurationIsVisible = 0;
			defaultConfigurationName = Release;
		};
		AB92D5EF2B8CDDB200380D81 /* Build configuration list for PBXNativeTarget "OFFPricesAPI" */ = {
			isa = XCConfigurationList;
			buildConfigurations = (
				AB92D5F02B8CDDB200380D81 /* Debug */,
				AB92D5F12B8CDDB200380D81 /* Release */,
			);
			defaultConfigurationIsVisible = 0;
			defaultConfigurationName = Release;
		};
		AB92D5F22B8CDDB200380D81 /* Build configuration list for PBXNativeTarget "OFFPricesAPITests" */ = {
			isa = XCConfigurationList;
			buildConfigurations = (
				AB92D5F32B8CDDB200380D81 /* Debug */,
				AB92D5F42B8CDDB200380D81 /* Release */,
			);
			defaultConfigurationIsVisible = 0;
			defaultConfigurationName = Release;
		};
		AB92D5F52B8CDDB200380D81 /* Build configuration list for PBXNativeTarget "OFFPricesAPIUITests" */ = {
			isa = XCConfigurationList;
			buildConfigurations = (
				AB92D5F62B8CDDB200380D81 /* Debug */,
				AB92D5F72B8CDDB200380D81 /* Release */,
			);
			defaultConfigurationIsVisible = 0;
			defaultConfigurationName = Release;
		};
/* End XCConfigurationList section */
	};
	rootObject = AB92D5C32B8CDDAE00380D81 /* Project object */;
}
